
Microsoft Visual Studio Solution File, Format Version 12.00
# Visual Studio Version 16
VisualStudioVersion = 16.0.30611.23
MinimumVisualStudioVersion = 10.0.40219.1
Project("{9A19103F-16F7-4668-BE54-9A1E7A4F7556}") = "BlazorSample", "BlazorSample\BlazorSample.csproj", "{6E2D402B-14F8-43C9-834C-1032B0771510}"
EndProject
Global
	GlobalSection(SolutionConfigurationPlatforms) = preSolution
		Debug|Any CPU = Debug|Any CPU
		Release|Any CPU = Release|Any CPU
	EndGlobalSection
	GlobalSection(ProjectConfigurationPlatforms) = postSolution
		{6E2D402B-14F8-43C9-834C-1032B0771510}.Debug|Any CPU.ActiveCfg = Debug|Any CPU
		{6E2D402B-14F8-43C9-834C-1032B0771510}.Debug|Any CPU.Build.0 = Debug|Any CPU
		{6E2D402B-14F8-43C9-834C-1032B0771510}.Release|Any CPU.ActiveCfg = Release|Any CPU
		{6E2D402B-14F8-43C9-834C-1032B0771510}.Release|Any CPU.Build.0 = Release|Any CPU
	EndGlobalSection
	GlobalSection(SolutionProperties) = preSolution
		HideSolutionNode = FALSE
	EndGlobalSection
	GlobalSection(ExtensibilityGlobals) = postSolution
		SolutionGuid = {32038CA3-9813-4656-8214-789A373848C1}
	EndGlobalSection
EndGlobal
